
Microsoft Visual Studio Solution File, Format Version 12.00
# Visual Studio Version 17
VisualStudioVersion = 17.7.34221.43
MinimumVisualStudioVersion = 10.0.40219.1
Project("{8BC9CEB8-8B4A-11D0-8D11-00A0C91BC942}") = "Cherno", "Cherno\Cherno.vcxproj", "{43577AAF-7D7F-4C38-BB17-519C47EDD9F9}"
EndProject
Global
	GlobalSection(SolutionConfigurationPlatforms) = preSolution
		Debug|x64 = Debug|x64
		Debug|x86 = Debug|x86
		Release|x64 = Release|x64
		Release|x86 = Release|x86
	EndGlobalSection
	GlobalSection(ProjectConfigurationPlatforms) = postSolution
		{43577AAF-7D7F-4C38-BB17-519C47EDD9F9}.Debug|x64.ActiveCfg = Debug|x64
		{43577AAF-7D7F-4C38-BB17-519C47EDD9F9}.Debug|x64.Build.0 = Debug|x64
		{43577AAF-7D7F-4C38-BB17-519C47EDD9F9}.Debug|x86.ActiveCfg = Debug|Win32
		{43577AAF-7D7F-4C38-BB17-519C47EDD9F9}.Debug|x86.Build.0 = Debug|Win32
		{43577AAF-7D7F-4C38-BB17-519C47EDD9F9}.Release|x64.ActiveCfg = Release|x64
		{43577AAF-7D7F-4C38-BB17-519C47EDD9F9}.Release|x64.Build.0 = Release|x64
		{43577AAF-7D7F-4C38-BB17-519C47EDD9F9}.Release|x86.ActiveCfg = Release|Win32
		{43577AAF-7D7F-4C38-BB17-519C47EDD9F9}.Release|x86.Build.0 = Release|Win32
	EndGlobalSection
	GlobalSection(SolutionProperties) = preSolution
		HideSolutionNode = FALSE
	EndGlobalSection
	GlobalSection(ExtensibilityGlobals) = postSolution
		SolutionGuid = {11B24F25-B4C4-46BF-B88F-FC8C2030367F}
	EndGlobalSection
EndGlobal
